// !$*UTF8*$!
{
	archiveVersion = 1;
	classes = {
	};
	objectVersion = 51;
	objects = {

/* Begin PBXBuildFile section */
		5D340E51252A048F00740973 /* TriageApp.swift in Sources */ = {isa = PBXBuildFile; fileRef = 5D340E50252A048F00740973 /* TriageApp.swift */; };
		5D340E53252A048F00740973 /* LoginView.swift in Sources */ = {isa = PBXBuildFile; fileRef = 5D340E52252A048F00740973 /* LoginView.swift */; };
		5D340E55252A049000740973 /* Assets.xcassets in Resources */ = {isa = PBXBuildFile; fileRef = 5D340E54252A049000740973 /* Assets.xcassets */; };
		5D340E58252A049000740973 /* Preview Assets.xcassets in Resources */ = {isa = PBXBuildFile; fileRef = 5D340E57252A049000740973 /* Preview Assets.xcassets */; };
		5D340E5A252A049000740973 /* Persistence.swift in Sources */ = {isa = PBXBuildFile; fileRef = 5D340E59252A049000740973 /* Persistence.swift */; };
		5D340E5D252A049000740973 /* Triage.xcdatamodeld in Sources */ = {isa = PBXBuildFile; fileRef = 5D340E5B252A049000740973 /* Triage.xcdatamodeld */; };
		5D340E82252A4DE100740973 /* GoogleAuthRepresentable.swift in Sources */ = {isa = PBXBuildFile; fileRef = 5D340E81252A4DE100740973 /* GoogleAuthRepresentable.swift */; };
		5DFC07BF253AFB6000DAEA2A /* GoogleService-Info.plist in Resources */ = {isa = PBXBuildFile; fileRef = 5DFC07BE253AFB6000DAEA2A /* GoogleService-Info.plist */; };
		5DFC07C2253AFDF500DAEA2A /* FirebaseUtils.swift in Sources */ = {isa = PBXBuildFile; fileRef = 5DFC07C1253AFDF500DAEA2A /* FirebaseUtils.swift */; };
		CA79297EF94C226A984BB454 /* Pods_Triage.framework in Frameworks */ = {isa = PBXBuildFile; fileRef = E372FB978EDA2C715F85EC12 /* Pods_Triage.framework */; };
/* End PBXBuildFile section */

/* Begin PBXFileReference section */
		5D340E4D252A048F00740973 /* Triage.app */ = {isa = PBXFileReference; explicitFileType = wrapper.application; includeInIndex = 0; path = Triage.app; sourceTree = BUILT_PRODUCTS_DIR; };
		5D340E50252A048F00740973 /* TriageApp.swift */ = {isa = PBXFileReference; lastKnownFileType = sourcecode.swift; path = TriageApp.swift; sourceTree = "<group>"; };
		5D340E52252A048F00740973 /* LoginView.swift */ = {isa = PBXFileReference; lastKnownFileType = sourcecode.swift; path = LoginView.swift; sourceTree = "<group>"; };
		5D340E54252A049000740973 /* Assets.xcassets */ = {isa = PBXFileReference; lastKnownFileType = folder.assetcatalog; path = Assets.xcassets; sourceTree = "<group>"; };
		5D340E57252A049000740973 /* Preview Assets.xcassets */ = {isa = PBXFileReference; lastKnownFileType = folder.assetcatalog; path = "Preview Assets.xcassets"; sourceTree = "<group>"; };
		5D340E59252A049000740973 /* Persistence.swift */ = {isa = PBXFileReference; lastKnownFileType = sourcecode.swift; path = Persistence.swift; sourceTree = "<group>"; };
		5D340E5C252A049000740973 /* Triage.xcdatamodel */ = {isa = PBXFileReference; lastKnownFileType = wrapper.xcdatamodel; path = Triage.xcdatamodel; sourceTree = "<group>"; };
		5D340E5E252A049000740973 /* Info.plist */ = {isa = PBXFileReference; lastKnownFileType = text.plist.xml; path = Info.plist; sourceTree = "<group>"; };
		5D340E81252A4DE100740973 /* GoogleAuthRepresentable.swift */ = {isa = PBXFileReference; lastKnownFileType = sourcecode.swift; path = GoogleAuthRepresentable.swift; sourceTree = "<group>"; };
		5DFC07BE253AFB6000DAEA2A /* GoogleService-Info.plist */ = {isa = PBXFileReference; fileEncoding = 4; lastKnownFileType = text.plist.xml; path = "GoogleService-Info.plist"; sourceTree = "<group>"; };
		5DFC07C1253AFDF500DAEA2A /* FirebaseUtils.swift */ = {isa = PBXFileReference; lastKnownFileType = sourcecode.swift; path = FirebaseUtils.swift; sourceTree = "<group>"; };
		9F38D2183B2BDDF2F582440E /* Pods-Triage.debug.xcconfig */ = {isa = PBXFileReference; includeInIndex = 1; lastKnownFileType = text.xcconfig; name = "Pods-Triage.debug.xcconfig"; path = "Target Support Files/Pods-Triage/Pods-Triage.debug.xcconfig"; sourceTree = "<group>"; };
		D1309E02BD390D30D1084D23 /* Pods-Triage.release.xcconfig */ = {isa = PBXFileReference; includeInIndex = 1; lastKnownFileType = text.xcconfig; name = "Pods-Triage.release.xcconfig"; path = "Target Support Files/Pods-Triage/Pods-Triage.release.xcconfig"; sourceTree = "<group>"; };
		E372FB978EDA2C715F85EC12 /* Pods_Triage.framework */ = {isa = PBXFileReference; explicitFileType = wrapper.framework; includeInIndex = 0; path = Pods_Triage.framework; sourceTree = BUILT_PRODUCTS_DIR; };
/* End PBXFileReference section */

/* Begin PBXFrameworksBuildPhase section */
		5D340E4A252A048F00740973 /* Frameworks */ = {
			isa = PBXFrameworksBuildPhase;
			buildActionMask = 2147483647;
			files = (
				CA79297EF94C226A984BB454 /* Pods_Triage.framework in Frameworks */,
			);
			runOnlyForDeploymentPostprocessing = 0;
		};
/* End PBXFrameworksBuildPhase section */

/* Begin PBXGroup section */
		50CF13E7F35C68B1CD131B77 /* Frameworks */ = {
			isa = PBXGroup;
			children = (
				E372FB978EDA2C715F85EC12 /* Pods_Triage.framework */,
			);
			name = Frameworks;
			sourceTree = "<group>";
		};
		5D340E44252A048F00740973 = {
			isa = PBXGroup;
			children = (
				5D340E4F252A048F00740973 /* Triage */,
				5D340E4E252A048F00740973 /* Products */,
				E33D7244B719D0286A0AC0E4 /* Pods */,
				50CF13E7F35C68B1CD131B77 /* Frameworks */,
			);
			sourceTree = "<group>";
		};
		5D340E4E252A048F00740973 /* Products */ = {
			isa = PBXGroup;
			children = (
				5D340E4D252A048F00740973 /* Triage.app */,
			);
			name = Products;
			sourceTree = "<group>";
		};
		5D340E4F252A048F00740973 /* Triage */ = {
			isa = PBXGroup;
			children = (
				5D340E80252A4D6C00740973 /* auth */,
				5D340E50252A048F00740973 /* TriageApp.swift */,
				5D340E52252A048F00740973 /* LoginView.swift */,
				5D340E54252A049000740973 /* Assets.xcassets */,
				5D340E59252A049000740973 /* Persistence.swift */,
				5DFC07BE253AFB6000DAEA2A /* GoogleService-Info.plist */,
				5D340E5E252A049000740973 /* Info.plist */,
				5D340E5B252A049000740973 /* Triage.xcdatamodeld */,
				5D340E56252A049000740973 /* Preview Content */,
				5DFC07C1253AFDF500DAEA2A /* FirebaseUtils.swift */,
			);
			path = Triage;
			sourceTree = "<group>";
		};
		5D340E56252A049000740973 /* Preview Content */ = {
			isa = PBXGroup;
			children = (
				5D340E57252A049000740973 /* Preview Assets.xcassets */,
			);
			path = "Preview Content";
			sourceTree = "<group>";
		};
		5D340E80252A4D6C00740973 /* auth */ = {
			isa = PBXGroup;
			children = (
				5D340E81252A4DE100740973 /* GoogleAuthRepresentable.swift */,
			);
			path = auth;
			sourceTree = "<group>";
		};
		E33D7244B719D0286A0AC0E4 /* Pods */ = {
			isa = PBXGroup;
			children = (
				9F38D2183B2BDDF2F582440E /* Pods-Triage.debug.xcconfig */,
				D1309E02BD390D30D1084D23 /* Pods-Triage.release.xcconfig */,
			);
			path = Pods;
			sourceTree = "<group>";
		};
/* End PBXGroup section */

/* Begin PBXNativeTarget section */
		5D340E4C252A048F00740973 /* Triage */ = {
			isa = PBXNativeTarget;
			buildConfigurationList = 5D340E61252A049000740973 /* Build configuration list for PBXNativeTarget "Triage" */;
			buildPhases = (
				E08CE7C507AFF1D3BAB9F2DA /* [CP] Check Pods Manifest.lock */,
				5D340E49252A048F00740973 /* Sources */,
				5D340E4A252A048F00740973 /* Frameworks */,
				5D340E4B252A048F00740973 /* Resources */,
				54F0114A8EFDC2A20BB30415 /* [CP] Embed Pods Frameworks */,
				EE75F8868C7F9CB93CBDD39E /* [CP] Copy Pods Resources */,
			);
			buildRules = (
			);
			dependencies = (
			);
			name = Triage;
			productName = Triage;
			productReference = 5D340E4D252A048F00740973 /* Triage.app */;
			productType = "com.apple.product-type.application";
		};
/* End PBXNativeTarget section */

/* Begin PBXProject section */
		5D340E45252A048F00740973 /* Project object */ = {
			isa = PBXProject;
			attributes = {
				LastSwiftUpdateCheck = 1200;
				LastUpgradeCheck = 1200;
				TargetAttributes = {
					5D340E4C252A048F00740973 = {
						CreatedOnToolsVersion = 12.0.1;
					};
				};
			};
			buildConfigurationList = 5D340E48252A048F00740973 /* Build configuration list for PBXProject "Triage" */;
			compatibilityVersion = "Xcode 9.3";
			developmentRegion = en;
			hasScannedForEncodings = 0;
			knownRegions = (
				en,
				Base,
			);
			mainGroup = 5D340E44252A048F00740973;
			productRefGroup = 5D340E4E252A048F00740973 /* Products */;
			projectDirPath = "";
			projectRoot = "";
			targets = (
				5D340E4C252A048F00740973 /* Triage */,
			);
		};
/* End PBXProject section */

/* Begin PBXResourcesBuildPhase section */
		5D340E4B252A048F00740973 /* Resources */ = {
			isa = PBXResourcesBuildPhase;
			buildActionMask = 2147483647;
			files = (
				5D340E58252A049000740973 /* Preview Assets.xcassets in Resources */,
				5D340E55252A049000740973 /* Assets.xcassets in Resources */,
				5DFC07BF253AFB6000DAEA2A /* GoogleService-Info.plist in Resources */,
			);
			runOnlyForDeploymentPostprocessing = 0;
		};
/* End PBXResourcesBuildPhase section */

/* Begin PBXShellScriptBuildPhase section */
		54F0114A8EFDC2A20BB30415 /* [CP] Embed Pods Frameworks */ = {
			isa = PBXShellScriptBuildPhase;
			buildActionMask = 2147483647;
			files = (
			);
			inputFileListPaths = (
				"${PODS_ROOT}/Target Support Files/Pods-Triage/Pods-Triage-frameworks-${CONFIGURATION}-input-files.xcfilelist",
			);
			name = "[CP] Embed Pods Frameworks";
			outputFileListPaths = (
				"${PODS_ROOT}/Target Support Files/Pods-Triage/Pods-Triage-frameworks-${CONFIGURATION}-output-files.xcfilelist",
			);
			runOnlyForDeploymentPostprocessing = 0;
			shellPath = /bin/sh;
			shellScript = "\"${PODS_ROOT}/Target Support Files/Pods-Triage/Pods-Triage-frameworks.sh\"\n";
			showEnvVarsInLog = 0;
		};
		E08CE7C507AFF1D3BAB9F2DA /* [CP] Check Pods Manifest.lock */ = {
			isa = PBXShellScriptBuildPhase;
			buildActionMask = 2147483647;
			files = (
			);
			inputFileListPaths = (
			);
			inputPaths = (
				"${PODS_PODFILE_DIR_PATH}/Podfile.lock",
				"${PODS_ROOT}/Manifest.lock",
			);
			name = "[CP] Check Pods Manifest.lock";
			outputFileListPaths = (
			);
			outputPaths = (
				"$(DERIVED_FILE_DIR)/Pods-Triage-checkManifestLockResult.txt",
			);
			runOnlyForDeploymentPostprocessing = 0;
			shellPath = /bin/sh;
			shellScript = "diff \"${PODS_PODFILE_DIR_PATH}/Podfile.lock\" \"${PODS_ROOT}/Manifest.lock\" > /dev/null\nif [ $? != 0 ] ; then\n    # print error to STDERR\n    echo \"error: The sandbox is not in sync with the Podfile.lock. Run 'pod install' or update your CocoaPods installation.\" >&2\n    exit 1\nfi\n# This output is used by Xcode 'outputs' to avoid re-running this script phase.\necho \"SUCCESS\" > \"${SCRIPT_OUTPUT_FILE_0}\"\n";
			showEnvVarsInLog = 0;
		};
		EE75F8868C7F9CB93CBDD39E /* [CP] Copy Pods Resources */ = {
			isa = PBXShellScriptBuildPhase;
			buildActionMask = 2147483647;
			files = (
			);
			inputFileListPaths = (
				"${PODS_ROOT}/Target Support Files/Pods-Triage/Pods-Triage-resources-${CONFIGURATION}-input-files.xcfilelist",
			);
			name = "[CP] Copy Pods Resources";
			outputFileListPaths = (
				"${PODS_ROOT}/Target Support Files/Pods-Triage/Pods-Triage-resources-${CONFIGURATION}-output-files.xcfilelist",
			);
			runOnlyForDeploymentPostprocessing = 0;
			shellPath = /bin/sh;
			shellScript = "\"${PODS_ROOT}/Target Support Files/Pods-Triage/Pods-Triage-resources.sh\"\n";
			showEnvVarsInLog = 0;
		};
/* End PBXShellScriptBuildPhase section */

/* Begin PBXSourcesBuildPhase section */
		5D340E49252A048F00740973 /* Sources */ = {
			isa = PBXSourcesBuildPhase;
			buildActionMask = 2147483647;
			files = (
				5DFC07C2253AFDF500DAEA2A /* FirebaseUtils.swift in Sources */,
				5D340E5A252A049000740973 /* Persistence.swift in Sources */,
				5D340E53252A048F00740973 /* LoginView.swift in Sources */,
				5D340E51252A048F00740973 /* TriageApp.swift in Sources */,
				5D340E5D252A049000740973 /* Triage.xcdatamodeld in Sources */,
				5D340E82252A4DE100740973 /* GoogleAuthRepresentable.swift in Sources */,
			);
			runOnlyForDeploymentPostprocessing = 0;
		};
/* End PBXSourcesBuildPhase section */

/* Begin XCBuildConfiguration section */
		5D340E5F252A049000740973 /* Debug */ = {
			isa = XCBuildConfiguration;
			buildSettings = {
				ALWAYS_SEARCH_USER_PATHS = NO;
				CLANG_ANALYZER_NONNULL = YES;
				CLANG_ANALYZER_NUMBER_OBJECT_CONVERSION = YES_AGGRESSIVE;
				CLANG_CXX_LANGUAGE_STANDARD = "gnu++14";
				CLANG_CXX_LIBRARY = "libc++";
				CLANG_ENABLE_MODULES = YES;
				CLANG_ENABLE_OBJC_ARC = YES;
				CLANG_ENABLE_OBJC_WEAK = YES;
				CLANG_WARN_BLOCK_CAPTURE_AUTORELEASING = YES;
				CLANG_WARN_BOOL_CONVERSION = YES;
				CLANG_WARN_COMMA = YES;
				CLANG_WARN_CONSTANT_CONVERSION = YES;
				CLANG_WARN_DEPRECATED_OBJC_IMPLEMENTATIONS = YES;
				CLANG_WARN_DIRECT_OBJC_ISA_USAGE = YES_ERROR;
				CLANG_WARN_DOCUMENTATION_COMMENTS = YES;
				CLANG_WARN_EMPTY_BODY = YES;
				CLANG_WARN_ENUM_CONVERSION = YES;
				CLANG_WARN_INFINITE_RECURSION = YES;
				CLANG_WARN_INT_CONVERSION = YES;
				CLANG_WARN_NON_LITERAL_NULL_CONVERSION = YES;
				CLANG_WARN_OBJC_IMPLICIT_RETAIN_SELF = YES;
				CLANG_WARN_OBJC_LITERAL_CONVERSION = YES;
				CLANG_WARN_OBJC_ROOT_CLASS = YES_ERROR;
				CLANG_WARN_QUOTED_INCLUDE_IN_FRAMEWORK_HEADER = YES;
				CLANG_WARN_RANGE_LOOP_ANALYSIS = YES;
				CLANG_WARN_STRICT_PROTOTYPES = YES;
				CLANG_WARN_SUSPICIOUS_MOVE = YES;
				CLANG_WARN_UNGUARDED_AVAILABILITY = YES_AGGRESSIVE;
				CLANG_WARN_UNREACHABLE_CODE = YES;
				CLANG_WARN__DUPLICATE_METHOD_MATCH = YES;
				COPY_PHASE_STRIP = NO;
				DEBUG_INFORMATION_FORMAT = dwarf;
				ENABLE_STRICT_OBJC_MSGSEND = YES;
				ENABLE_TESTABILITY = YES;
				GCC_C_LANGUAGE_STANDARD = gnu11;
				GCC_DYNAMIC_NO_PIC = NO;
				GCC_NO_COMMON_BLOCKS = YES;
				GCC_OPTIMIZATION_LEVEL = 0;
				GCC_PREPROCESSOR_DEFINITIONS = (
					"DEBUG=1",
					"$(inherited)",
				);
				GCC_WARN_64_TO_32_BIT_CONVERSION = YES;
				GCC_WARN_ABOUT_RETURN_TYPE = YES_ERROR;
				GCC_WARN_UNDECLARED_SELECTOR = YES;
				GCC_WARN_UNINITIALIZED_AUTOS = YES_AGGRESSIVE;
				GCC_WARN_UNUSED_FUNCTION = YES;
				GCC_WARN_UNUSED_VARIABLE = YES;
				IPHONEOS_DEPLOYMENT_TARGET = 14.0;
				MTL_ENABLE_DEBUG_INFO = INCLUDE_SOURCE;
				MTL_FAST_MATH = YES;
				ONLY_ACTIVE_ARCH = YES;
				SDKROOT = iphoneos;
				SWIFT_ACTIVE_COMPILATION_CONDITIONS = DEBUG;
				SWIFT_OPTIMIZATION_LEVEL = "-Onone";
			};
			name = Debug;
		};
		5D340E60252A049000740973 /* Release */ = {
			isa = XCBuildConfiguration;
			buildSettings = {
				ALWAYS_SEARCH_USER_PATHS = NO;
				CLANG_ANALYZER_NONNULL = YES;
				CLANG_ANALYZER_NUMBER_OBJECT_CONVERSION = YES_AGGRESSIVE;
				CLANG_CXX_LANGUAGE_STANDARD = "gnu++14";
				CLANG_CXX_LIBRARY = "libc++";
				CLANG_ENABLE_MODULES = YES;
				CLANG_ENABLE_OBJC_ARC = YES;
				CLANG_ENABLE_OBJC_WEAK = YES;
				CLANG_WARN_BLOCK_CAPTURE_AUTORELEASING = YES;
				CLANG_WARN_BOOL_CONVERSION = YES;
				CLANG_WARN_COMMA = YES;
				CLANG_WARN_CONSTANT_CONVERSION = YES;
				CLANG_WARN_DEPRECATED_OBJC_IMPLEMENTATIONS = YES;
				CLANG_WARN_DIRECT_OBJC_ISA_USAGE = YES_ERROR;
				CLANG_WARN_DOCUMENTATION_COMMENTS = YES;
				CLANG_WARN_EMPTY_BODY = YES;
				CLANG_WARN_ENUM_CONVERSION = YES;
				CLANG_WARN_INFINITE_RECURSION = YES;
				CLANG_WARN_INT_CONVERSION = YES;
				CLANG_WARN_NON_LITERAL_NULL_CONVERSION = YES;
				CLANG_WARN_OBJC_IMPLICIT_RETAIN_SELF = YES;
				CLANG_WARN_OBJC_LITERAL_CONVERSION = YES;
				CLANG_WARN_OBJC_ROOT_CLASS = YES_ERROR;
				CLANG_WARN_QUOTED_INCLUDE_IN_FRAMEWORK_HEADER = YES;
				CLANG_WARN_RANGE_LOOP_ANALYSIS = YES;
				CLANG_WARN_STRICT_PROTOTYPES = YES;
				CLANG_WARN_SUSPICIOUS_MOVE = YES;
				CLANG_WARN_UNGUARDED_AVAILABILITY = YES_AGGRESSIVE;
				CLANG_WARN_UNREACHABLE_CODE = YES;
				CLANG_WARN__DUPLICATE_METHOD_MATCH = YES;
				COPY_PHASE_STRIP = NO;
				DEBUG_INFORMATION_FORMAT = "dwarf-with-dsym";
				ENABLE_NS_ASSERTIONS = NO;
				ENABLE_STRICT_OBJC_MSGSEND = YES;
				GCC_C_LANGUAGE_STANDARD = gnu11;
				GCC_NO_COMMON_BLOCKS = YES;
				GCC_WARN_64_TO_32_BIT_CONVERSION = YES;
				GCC_WARN_ABOUT_RETURN_TYPE = YES_ERROR;
				GCC_WARN_UNDECLARED_SELECTOR = YES;
				GCC_WARN_UNINITIALIZED_AUTOS = YES_AGGRESSIVE;
				GCC_WARN_UNUSED_FUNCTION = YES;
				GCC_WARN_UNUSED_VARIABLE = YES;
				IPHONEOS_DEPLOYMENT_TARGET = 14.0;
				MTL_ENABLE_DEBUG_INFO = NO;
				MTL_FAST_MATH = YES;
				SDKROOT = iphoneos;
				SWIFT_COMPILATION_MODE = wholemodule;
				SWIFT_OPTIMIZATION_LEVEL = "-O";
				VALIDATE_PRODUCT = YES;
			};
			name = Release;
		};
		5D340E62252A049000740973 /* Debug */ = {
			isa = XCBuildConfiguration;
			baseConfigurationReference = 9F38D2183B2BDDF2F582440E /* Pods-Triage.debug.xcconfig */;
			buildSettings = {
				ASSETCATALOG_COMPILER_APPICON_NAME = AppIcon;
				ASSETCATALOG_COMPILER_GLOBAL_ACCENT_COLOR_NAME = AccentColor;
				CODE_SIGN_STYLE = Automatic;
				DEVELOPMENT_ASSET_PATHS = "\"Triage/Preview Content\"";
				DEVELOPMENT_TEAM = 8H48423X7C;
				ENABLE_PREVIEWS = YES;
				INFOPLIST_FILE = Triage/Info.plist;
				IPHONEOS_DEPLOYMENT_TARGET = 14.0;
				LD_RUNPATH_SEARCH_PATHS = (
					"$(inherited)",
					"@executable_path/Frameworks",
				);
				PRODUCT_BUNDLE_IDENTIFIER = com.triage.meh;
				PRODUCT_NAME = "$(TARGET_NAME)";
				SWIFT_VERSION = 5.0;
				TARGETED_DEVICE_FAMILY = "1,2";
			};
			name = Debug;
		};
		5D340E63252A049000740973 /* Release */ = {
			isa = XCBuildConfiguration;
			baseConfigurationReference = D1309E02BD390D30D1084D23 /* Pods-Triage.release.xcconfig */;
			buildSettings = {
				ASSETCATALOG_COMPILER_APPICON_NAME = AppIcon;
				ASSETCATALOG_COMPILER_GLOBAL_ACCENT_COLOR_NAME = AccentColor;
				CODE_SIGN_STYLE = Automatic;
				DEVELOPMENT_ASSET_PATHS = "\"Triage/Preview Content\"";
				DEVELOPMENT_TEAM = 8H48423X7C;
				ENABLE_PREVIEWS = YES;
				INFOPLIST_FILE = Triage/Info.plist;
				IPHONEOS_DEPLOYMENT_TARGET = 14.0;
				LD_RUNPATH_SEARCH_PATHS = (
					"$(inherited)",
					"@executable_path/Frameworks",
				);
				PRODUCT_BUNDLE_IDENTIFIER = com.triage.meh;
				PRODUCT_NAME = "$(TARGET_NAME)";
				SWIFT_VERSION = 5.0;
				TARGETED_DEVICE_FAMILY = "1,2";
			};
			name = Release;
		};
/* End XCBuildConfiguration section */

/* Begin XCConfigurationList section */
		5D340E48252A048F00740973 /* Build configuration list for PBXProject "Triage" */ = {
			isa = XCConfigurationList;
			buildConfigurations = (
				5D340E5F252A049000740973 /* Debug */,
				5D340E60252A049000740973 /* Release */,
			);
			defaultConfigurationIsVisible = 0;
			defaultConfigurationName = Release;
		};
		5D340E61252A049000740973 /* Build configuration list for PBXNativeTarget "Triage" */ = {
			isa = XCConfigurationList;
			buildConfigurations = (
				5D340E62252A049000740973 /* Debug */,
				5D340E63252A049000740973 /* Release */,
			);
			defaultConfigurationIsVisible = 0;
			defaultConfigurationName = Release;
		};
/* End XCConfigurationList section */

/* Begin XCVersionGroup section */
		5D340E5B252A049000740973 /* Triage.xcdatamodeld */ = {
			isa = XCVersionGroup;
			children = (
				5D340E5C252A049000740973 /* Triage.xcdatamodel */,
			);
			currentVersion = 5D340E5C252A049000740973 /* Triage.xcdatamodel */;
			path = Triage.xcdatamodeld;
			sourceTree = "<group>";
			versionGroupType = wrapper.xcdatamodel;
		};
/* End XCVersionGroup section */
	};
	rootObject = 5D340E45252A048F00740973 /* Project object */;
}
